
Microsoft Visual Studio Solution File, Format Version 12.00
# Visual Studio Version 16
VisualStudioVersion = 16.0.31112.23
MinimumVisualStudioVersion = 10.0.40219.1
Project("{FAE04EC0-301F-11D3-BF4B-00C04F79EFBC}") = "DB", "DB\DB.csproj", "{5EEA1CF7-C9D5-4DFD-8E80-16FC3A324300}"
EndProject
Global
	GlobalSection(SolutionConfigurationPlatforms) = preSolution
		Debug|Any CPU = Debug|Any CPU
		Release|Any CPU = Release|Any CPU
	EndGlobalSection
	GlobalSection(ProjectConfigurationPlatforms) = postSolution
		{5EEA1CF7-C9D5-4DFD-8E80-16FC3A324300}.Debug|Any CPU.ActiveCfg = Debug|Any CPU
		{5EEA1CF7-C9D5-4DFD-8E80-16FC3A324300}.Debug|Any CPU.Build.0 = Debug|Any CPU
		{5EEA1CF7-C9D5-4DFD-8E80-16FC3A324300}.Release|Any CPU.ActiveCfg = Release|Any CPU
		{5EEA1CF7-C9D5-4DFD-8E80-16FC3A324300}.Release|Any CPU.Build.0 = Release|Any CPU
	EndGlobalSection
	GlobalSection(SolutionProperties) = preSolution
		HideSolutionNode = FALSE
	EndGlobalSection
	GlobalSection(ExtensibilityGlobals) = postSolution
		SolutionGuid = {C845BCB4-B750-43AF-9919-6C2B31B788BB}
	EndGlobalSection
EndGlobal
