
Microsoft Visual Studio Solution File, Format Version 12.00
# Visual Studio Version 16
VisualStudioVersion = 16.0.29519.87
MinimumVisualStudioVersion = 10.0.40219.1
Project("{8BC9CEB8-8B4A-11D0-8D11-00A0C91BC942}") = "Povinna_Uloha01", "Povinna_Uloha01\Povinna_Uloha01.vcxproj", "{B12D10EA-5E13-4584-83B3-AD5DFC3C79C9}"
EndProject
Global
	GlobalSection(SolutionConfigurationPlatforms) = preSolution
		Debug|x64 = Debug|x64
		Debug|x86 = Debug|x86
		Release|x64 = Release|x64
		Release|x86 = Release|x86
	EndGlobalSection
	GlobalSection(ProjectConfigurationPlatforms) = postSolution
		{B12D10EA-5E13-4584-83B3-AD5DFC3C79C9}.Debug|x64.ActiveCfg = Debug|x64
		{B12D10EA-5E13-4584-83B3-AD5DFC3C79C9}.Debug|x64.Build.0 = Debug|x64
		{B12D10EA-5E13-4584-83B3-AD5DFC3C79C9}.Debug|x86.ActiveCfg = Debug|Win32
		{B12D10EA-5E13-4584-83B3-AD5DFC3C79C9}.Debug|x86.Build.0 = Debug|Win32
		{B12D10EA-5E13-4584-83B3-AD5DFC3C79C9}.Release|x64.ActiveCfg = Release|x64
		{B12D10EA-5E13-4584-83B3-AD5DFC3C79C9}.Release|x64.Build.0 = Release|x64
		{B12D10EA-5E13-4584-83B3-AD5DFC3C79C9}.Release|x86.ActiveCfg = Release|Win32
		{B12D10EA-5E13-4584-83B3-AD5DFC3C79C9}.Release|x86.Build.0 = Release|Win32
	EndGlobalSection
	GlobalSection(SolutionProperties) = preSolution
		HideSolutionNode = FALSE
	EndGlobalSection
	GlobalSection(ExtensibilityGlobals) = postSolution
		SolutionGuid = {2F984452-F02A-4531-A61E-FB00C7842F23}
	EndGlobalSection
EndGlobal
