
Microsoft Visual Studio Solution File, Format Version 12.00
# Visual Studio Version 16
VisualStudioVersion = 16.0.31702.278
MinimumVisualStudioVersion = 10.0.40219.1
Project("{8BC9CEB8-8B4A-11D0-8D11-00A0C91BC942}") = "OS2-Semafory", "OS2-Semafory\OS2-Semafory.vcxproj", "{B0499A8F-AFA5-48A1-9203-B08F24FCFBAD}"
EndProject
Global
	GlobalSection(SolutionConfigurationPlatforms) = preSolution
		Debug|x64 = Debug|x64
		Debug|x86 = Debug|x86
		Release|x64 = Release|x64
		Release|x86 = Release|x86
	EndGlobalSection
	GlobalSection(ProjectConfigurationPlatforms) = postSolution
		{B0499A8F-AFA5-48A1-9203-B08F24FCFBAD}.Debug|x64.ActiveCfg = Debug|x64
		{B0499A8F-AFA5-48A1-9203-B08F24FCFBAD}.Debug|x64.Build.0 = Debug|x64
		{B0499A8F-AFA5-48A1-9203-B08F24FCFBAD}.Debug|x86.ActiveCfg = Debug|Win32
		{B0499A8F-AFA5-48A1-9203-B08F24FCFBAD}.Debug|x86.Build.0 = Debug|Win32
		{B0499A8F-AFA5-48A1-9203-B08F24FCFBAD}.Release|x64.ActiveCfg = Release|x64
		{B0499A8F-AFA5-48A1-9203-B08F24FCFBAD}.Release|x64.Build.0 = Release|x64
		{B0499A8F-AFA5-48A1-9203-B08F24FCFBAD}.Release|x86.ActiveCfg = Release|Win32
		{B0499A8F-AFA5-48A1-9203-B08F24FCFBAD}.Release|x86.Build.0 = Release|Win32
	EndGlobalSection
	GlobalSection(SolutionProperties) = preSolution
		HideSolutionNode = FALSE
	EndGlobalSection
	GlobalSection(ExtensibilityGlobals) = postSolution
		SolutionGuid = {DD081776-6DB7-438F-BCC4-21C867B26ED9}
	EndGlobalSection
EndGlobal
